
Microsoft Visual Studio Solution File, Format Version 12.00
Project("{FAE04EC0-301F-11D3-BF4B-00C04F79EFBC}") = "APBD2", "APBD2\APBD2.csproj", "{FE119297-E295-4D26-8455-912BBA4F460D}"
EndProject
Global
	GlobalSection(SolutionConfigurationPlatforms) = preSolution
		Debug|Any CPU = Debug|Any CPU
		Release|Any CPU = Release|Any CPU
	EndGlobalSection
	GlobalSection(ProjectConfigurationPlatforms) = postSolution
		{FE119297-E295-4D26-8455-912BBA4F460D}.Debug|Any CPU.ActiveCfg = Debug|Any CPU
		{FE119297-E295-4D26-8455-912BBA4F460D}.Debug|Any CPU.Build.0 = Debug|Any CPU
		{FE119297-E295-4D26-8455-912BBA4F460D}.Release|Any CPU.ActiveCfg = Release|Any CPU
		{FE119297-E295-4D26-8455-912BBA4F460D}.Release|Any CPU.Build.0 = Release|Any CPU
	EndGlobalSection
EndGlobal
